
Microsoft Visual Studio Solution File, Format Version 12.00
# Visual Studio Version 16
VisualStudioVersion = 16.0.29728.190
MinimumVisualStudioVersion = 10.0.40219.1
Project("{FAE04EC0-301F-11D3-BF4B-00C04F79EFBC}") = "MongoDBLabs.Web", "MongoDBLabs.Web\MongoDBLabs.Web.csproj", "{7132142E-C472-47C3-A83C-791EF35F4D3F}"
EndProject
Global
	GlobalSection(SolutionConfigurationPlatforms) = preSolution
		Debug|Any CPU = Debug|Any CPU
		Release|Any CPU = Release|Any CPU
	EndGlobalSection
	GlobalSection(ProjectConfigurationPlatforms) = postSolution
		{7132142E-C472-47C3-A83C-791EF35F4D3F}.Debug|Any CPU.ActiveCfg = Debug|Any CPU
		{7132142E-C472-47C3-A83C-791EF35F4D3F}.Debug|Any CPU.Build.0 = Debug|Any CPU
		{7132142E-C472-47C3-A83C-791EF35F4D3F}.Release|Any CPU.ActiveCfg = Release|Any CPU
		{7132142E-C472-47C3-A83C-791EF35F4D3F}.Release|Any CPU.Build.0 = Release|Any CPU
	EndGlobalSection
	GlobalSection(SolutionProperties) = preSolution
		HideSolutionNode = FALSE
	EndGlobalSection
	GlobalSection(ExtensibilityGlobals) = postSolution
		SolutionGuid = {C75EAE3F-4E1E-46E0-9F1F-52AA8226E81E}
	EndGlobalSection
EndGlobal
